// !$*UTF8*$!
{
	archiveVersion = 1;
	classes = {
	};
	objectVersion = 46;
	objects = {

/* Begin PBXBuildFile section */
		05420EDFE8066F95FF450720 /* Pods_MOAH_Wallet.framework in Frameworks */ = {isa = PBXBuildFile; fileRef = 812B68AEFA4BF918CB42A780 /* Pods_MOAH_Wallet.framework */; };
		414E9B1CD0814E681ED5F8C1 /* Pods_MOAH_WalletUITests.framework in Frameworks */ = {isa = PBXBuildFile; fileRef = 0EF9D3F80FDB01A105DBD08E /* Pods_MOAH_WalletUITests.framework */; };
		6A53443E9BA1270E4CDF7AF0 /* Pods_MOAH_WalletTests.framework in Frameworks */ = {isa = PBXBuildFile; fileRef = 8E1E7B44C2914ADF41305D87 /* Pods_MOAH_WalletTests.framework */; };
		A50F201422DB963A00466E8F /* Assets.xcassets in Resources */ = {isa = PBXBuildFile; fileRef = A50F201322DB963A00466E8F /* Assets.xcassets */; };
		A50F201722DB97FA00466E8F /* LaunchScreen.storyboard in Resources */ = {isa = PBXBuildFile; fileRef = A50F201522DB97FA00466E8F /* LaunchScreen.storyboard */; };
		A540D1D222D792D600A6CE7B /* LocalAuthentication.framework in Frameworks */ = {isa = PBXBuildFile; fileRef = A540D1D122D792D600A6CE7B /* LocalAuthentication.framework */; };
		A5A0C08E22DCD151006F2E83 /* NanumSquareRoundB.ttf in Resources */ = {isa = PBXBuildFile; fileRef = A5A0C08C22DCD150006F2E83 /* NanumSquareRoundB.ttf */; };
		A5A0C08F22DCD154006F2E83 /* NanumSquareRoundEB.ttf in Resources */ = {isa = PBXBuildFile; fileRef = A5A0C08D22DCD150006F2E83 /* NanumSquareRoundEB.ttf */; };
		A5A0C09022DCD155006F2E83 /* NanumSquareRoundR.ttf in Resources */ = {isa = PBXBuildFile; fileRef = A5A0C08B22DCD150006F2E83 /* NanumSquareRoundR.ttf */; };
		C051F0AC25B5A02E9F827E16 /* PasswordCheckVC.swift in Sources */ = {isa = PBXBuildFile; fileRef = C051F7EB191CFBE9259BBA27 /* PasswordCheckVC.swift */; };
		C051F106C4C595A04EAA4FE1 /* AgreementCheckVC.swift in Sources */ = {isa = PBXBuildFile; fileRef = C051F51191A6826F0F867E0E /* AgreementCheckVC.swift */; };
		C051F159ABCE211D65F59FE8 /* WalletDoneVC.swift in Sources */ = {isa = PBXBuildFile; fileRef = C051F1995FE3594C44DEA5F6 /* WalletDoneVC.swift */; };
		C051F2666FCBD43EDDC03FD2 /* MainVC.swift in Sources */ = {isa = PBXBuildFile; fileRef = C051F49F7A22AF8C42EA4D32 /* MainVC.swift */; };
		C051F29405CB6CAEB8A90062 /* Main.storyboard in Resources */ = {isa = PBXBuildFile; fileRef = C051FDE6CC50D5ED79E6F42C /* Main.storyboard */; };
		C051F2AA4E61C47D5F1C3018 /* RightTransition.swift in Sources */ = {isa = PBXBuildFile; fileRef = C051F6000A5F24D81AA83484 /* RightTransition.swift */; };
		C051F2EF863672C14C79CE4D /* NanumGothic.ttf in Resources */ = {isa = PBXBuildFile; fileRef = C051F2C7AD63643BFDF3A9C6 /* NanumGothic.ttf */; };
		C051F361ACB751354EDEFC01 /* MOAH_WalletUITests.swift in Sources */ = {isa = PBXBuildFile; fileRef = C051FD3DE6EDBDC571CF0639 /* MOAH_WalletUITests.swift */; };
		C051F373B173AC54AF229DFB /* NetworkSettingVC.swift in Sources */ = {isa = PBXBuildFile; fileRef = C051F46ECA4D5C3D54C0F6B4 /* NetworkSettingVC.swift */; };
		C051F43CB8BBDF5876788661 /* MainViewController.swift in Sources */ = {isa = PBXBuildFile; fileRef = C051FA6C9DECCACCA006C620 /* MainViewController.swift */; };
		C051F45046E2E4152EDD8712 /* MainTokenView.swift in Sources */ = {isa = PBXBuildFile; fileRef = C051F635779A9F378E8C0E45 /* MainTokenView.swift */; };
		C051F49194CE70570CBFED75 /* PasswordVC.swift in Sources */ = {isa = PBXBuildFile; fileRef = C051FA989586C885176EA740 /* PasswordVC.swift */; };
		C051F4A7604CFC036FD89FFE /* MnemonicSettingVC.swift in Sources */ = {isa = PBXBuildFile; fileRef = C051F8B5925C8BBCF3AA8E8E /* MnemonicSettingVC.swift */; };
		C051F55881A8C22611357EA0 /* MainLeftMenuVC.swift in Sources */ = {isa = PBXBuildFile; fileRef = C051F4A33524E6859AC9F0DB /* MainLeftMenuVC.swift */; };
		C051F58BA970A28F5148E884 /* CustomButton.swift in Sources */ = {isa = PBXBuildFile; fileRef = C051FF8E066A1CFE267725CC /* CustomButton.swift */; };
		C051F5F80BB40708BAE58682 /* MnemonicVerificationVC.swift in Sources */ = {isa = PBXBuildFile; fileRef = C051FC2158395B4BF65E453E /* MnemonicVerificationVC.swift */; };
		C051F6991830583F5D879C9C /* AgreementVC.swift in Sources */ = {isa = PBXBuildFile; fileRef = C051FD9079AB28E40C022FDD /* AgreementVC.swift */; };
		C051F722D5ED0A6958B239A0 /* AnnouncementVC.swift in Sources */ = {isa = PBXBuildFile; fileRef = C051FAA7B42C718BE4204A4A /* AnnouncementVC.swift */; };
		C051F7AE7F9AA30993F9E5AD /* MnemonicVC.swift in Sources */ = {isa = PBXBuildFile; fileRef = C051FB1E96548FFD0DEEF195 /* MnemonicVC.swift */; };
		C051F7C9A6AC866D22C44686 /* PasswordSettingVC.swift in Sources */ = {isa = PBXBuildFile; fileRef = C051F2A0436A8E675D322837 /* PasswordSettingVC.swift */; };
		C051F8022391B9973BD91137 /* MnemonicWarningVC.swift in Sources */ = {isa = PBXBuildFile; fileRef = C051F6F1EBF7625D6A925061 /* MnemonicWarningVC.swift */; };
		C051F85B2D0020F30D1961C8 /* Protocols.swift in Sources */ = {isa = PBXBuildFile; fileRef = C051FFB8B9E194F8D83BD639 /* Protocols.swift */; };
		C051F88E2A48A734D8F1901B /* Extensions.swift in Sources */ = {isa = PBXBuildFile; fileRef = C051F05C4517A9E3F19A8751 /* Extensions.swift */; };
		C051F9325D53C154295B5522 /* AgreementViewVC.swift in Sources */ = {isa = PBXBuildFile; fileRef = C051FD974D93686134C5B4E6 /* AgreementViewVC.swift */; };
		C051F93D1BFE68F450C3B94C /* MainRightMenuVC.swift in Sources */ = {isa = PBXBuildFile; fileRef = C051F9B011B6E362F3C18BEB /* MainRightMenuVC.swift */; };
		C051F94A55FC32388DE66EF6 /* LockView.swift in Sources */ = {isa = PBXBuildFile; fileRef = C051FECD2DA7B560A0904BBE /* LockView.swift */; };
		C051F954683BF105789BE5C2 /* RightMenuOption.swift in Sources */ = {isa = PBXBuildFile; fileRef = C051FBEC2A31284D49D39064 /* RightMenuOption.swift */; };
		C051F955E6F8A508A82CB7E8 /* EthAccount.swift in Sources */ = {isa = PBXBuildFile; fileRef = C051FA9FF2133358D8774A35 /* EthAccount.swift */; };
		C051F957854FA8DC85D649B1 /* MainContainerVC.swift in Sources */ = {isa = PBXBuildFile; fileRef = C051FFF0FD15853474C90D5C /* MainContainerVC.swift */; };
		C051F9790CC44994FE169C8E /* Structs.swift in Sources */ = {isa = PBXBuildFile; fileRef = C051FCF89F1254FD1A2B0D3F /* Structs.swift */; };
		C051F9D4CD5F97DE4AA25F2E /* MOAH_WalletTests.swift in Sources */ = {isa = PBXBuildFile; fileRef = C051FDAF143D94C8A37998D7 /* MOAH_WalletTests.swift */; };
		C051FA62FD875D5F93EDDFD4 /* Util.swift in Sources */ = {isa = PBXBuildFile; fileRef = C051F26E21CD42E0A1B5B53D /* Util.swift */; };
		C051FACD1A0E01B4C40586F2 /* AlertVC.swift in Sources */ = {isa = PBXBuildFile; fileRef = C051F78260EE7AE0C72FAED1 /* AlertVC.swift */; };
		C051FB1FE29301C3EA68F93B /* KeypadView.swift in Sources */ = {isa = PBXBuildFile; fileRef = C051FD83FA4BAE07897C116D /* KeypadView.swift */; };
		C051FB3EDA8676CDCDBBDEF9 /* KeyboardShowHide.swift in Sources */ = {isa = PBXBuildFile; fileRef = C051F29FBC6A1B53190053A7 /* KeyboardShowHide.swift */; };
		C051FB5E23902398DEF96B30 /* AppDelegate.swift in Sources */ = {isa = PBXBuildFile; fileRef = C051F7AC902DA14D067B4A7E /* AppDelegate.swift */; };
		C051FC018077B21A44B84622 /* LeftTransition.swift in Sources */ = {isa = PBXBuildFile; fileRef = C051FAAD35BE522484440F32 /* LeftTransition.swift */; };
		C051FC07BFCC39DD3F13BCF3 /* LockVC.swift in Sources */ = {isa = PBXBuildFile; fileRef = C051FCDFA9CC8D752BE3F74C /* LockVC.swift */; };
		C051FC24A82139E7B0A58CD6 /* FAQVC.swift in Sources */ = {isa = PBXBuildFile; fileRef = C051F96A941D724CEC53F3B1 /* FAQVC.swift */; };
		C051FC27C11844F1ED252D9B /* RightMenuCell.swift in Sources */ = {isa = PBXBuildFile; fileRef = C051FDC89BDB5CFCD23A6131 /* RightMenuCell.swift */; };
		C051FC4AF7558DDA3AA8C5A6 /* KeychainService.swift in Sources */ = {isa = PBXBuildFile; fileRef = C051F2FC1D4AD78361437D8A /* KeychainService.swift */; };
		C051FD6077E544C0242ACD61 /* Checkbox.swift in Sources */ = {isa = PBXBuildFile; fileRef = C051FCFAB6F715D632781390 /* Checkbox.swift */; };
		C051FEC7D1FC02F093FF50B5 /* MnemonicVerificationGetVC.swift in Sources */ = {isa = PBXBuildFile; fileRef = C051F6342A463F4E5602402A /* MnemonicVerificationGetVC.swift */; };
/* End PBXBuildFile section */

/* Begin PBXContainerItemProxy section */
		C051F47F84F97D0316993870 /* PBXContainerItemProxy */ = {
			isa = PBXContainerItemProxy;
			containerPortal = C051F9DAD87FCA8A61C06861 /* Project object */;
			proxyType = 1;
			remoteGlobalIDString = C051FB7AA217D8E18157E694;
			remoteInfo = "MOAH Wallet";
		};
		C051FAA324BA824CAD8B8448 /* PBXContainerItemProxy */ = {
			isa = PBXContainerItemProxy;
			containerPortal = C051F9DAD87FCA8A61C06861 /* Project object */;
			proxyType = 1;
			remoteGlobalIDString = C051FB7AA217D8E18157E694;
			remoteInfo = "MOAH Wallet";
		};
/* End PBXContainerItemProxy section */

/* Begin PBXFileReference section */
		0E648184D5F32424B823508B /* Pods-MOAH WalletTests.debug.xcconfig */ = {isa = PBXFileReference; includeInIndex = 1; lastKnownFileType = text.xcconfig; name = "Pods-MOAH WalletTests.debug.xcconfig"; path = "Target Support Files/Pods-MOAH WalletTests/Pods-MOAH WalletTests.debug.xcconfig"; sourceTree = "<group>"; };
		0EF9D3F80FDB01A105DBD08E /* Pods_MOAH_WalletUITests.framework */ = {isa = PBXFileReference; explicitFileType = wrapper.framework; includeInIndex = 0; path = Pods_MOAH_WalletUITests.framework; sourceTree = BUILT_PRODUCTS_DIR; };
		1737CB4AFAA824B10FE0DB65 /* Pods-MOAH WalletUITests.release.xcconfig */ = {isa = PBXFileReference; includeInIndex = 1; lastKnownFileType = text.xcconfig; name = "Pods-MOAH WalletUITests.release.xcconfig"; path = "Target Support Files/Pods-MOAH WalletUITests/Pods-MOAH WalletUITests.release.xcconfig"; sourceTree = "<group>"; };
		25D72DCCE23C1CCCFA10CE29 /* Pods-MOAH WalletTests.release.xcconfig */ = {isa = PBXFileReference; includeInIndex = 1; lastKnownFileType = text.xcconfig; name = "Pods-MOAH WalletTests.release.xcconfig"; path = "Target Support Files/Pods-MOAH WalletTests/Pods-MOAH WalletTests.release.xcconfig"; sourceTree = "<group>"; };
		283370360A1463067B52690A /* Pods-MOAH Wallet.release.xcconfig */ = {isa = PBXFileReference; includeInIndex = 1; lastKnownFileType = text.xcconfig; name = "Pods-MOAH Wallet.release.xcconfig"; path = "Target Support Files/Pods-MOAH Wallet/Pods-MOAH Wallet.release.xcconfig"; sourceTree = "<group>"; };
		69C6482B282D4CC19C2C4C29 /* Pods-MOAH WalletUITests.debug.xcconfig */ = {isa = PBXFileReference; includeInIndex = 1; lastKnownFileType = text.xcconfig; name = "Pods-MOAH WalletUITests.debug.xcconfig"; path = "Target Support Files/Pods-MOAH WalletUITests/Pods-MOAH WalletUITests.debug.xcconfig"; sourceTree = "<group>"; };
		812B68AEFA4BF918CB42A780 /* Pods_MOAH_Wallet.framework */ = {isa = PBXFileReference; explicitFileType = wrapper.framework; includeInIndex = 0; path = Pods_MOAH_Wallet.framework; sourceTree = BUILT_PRODUCTS_DIR; };
		8E1E7B44C2914ADF41305D87 /* Pods_MOAH_WalletTests.framework */ = {isa = PBXFileReference; explicitFileType = wrapper.framework; includeInIndex = 0; path = Pods_MOAH_WalletTests.framework; sourceTree = BUILT_PRODUCTS_DIR; };
		908A34CA5923A3A1D9426A42 /* Pods-MOAH Wallet.debug.xcconfig */ = {isa = PBXFileReference; includeInIndex = 1; lastKnownFileType = text.xcconfig; name = "Pods-MOAH Wallet.debug.xcconfig"; path = "Target Support Files/Pods-MOAH Wallet/Pods-MOAH Wallet.debug.xcconfig"; sourceTree = "<group>"; };
		A50F201322DB963A00466E8F /* Assets.xcassets */ = {isa = PBXFileReference; lastKnownFileType = folder.assetcatalog; path = Assets.xcassets; sourceTree = "<group>"; };
		A50F201622DB97FA00466E8F /* Base */ = {isa = PBXFileReference; lastKnownFileType = file.storyboard; name = Base; path = Base.lproj/LaunchScreen.storyboard; sourceTree = "<group>"; };
		A540D1D122D792D600A6CE7B /* LocalAuthentication.framework */ = {isa = PBXFileReference; lastKnownFileType = wrapper.framework; name = LocalAuthentication.framework; path = System/Library/Frameworks/LocalAuthentication.framework; sourceTree = SDKROOT; };
		A5A0C08B22DCD150006F2E83 /* NanumSquareRoundR.ttf */ = {isa = PBXFileReference; lastKnownFileType = file; path = NanumSquareRoundR.ttf; sourceTree = "<group>"; };
		A5A0C08C22DCD150006F2E83 /* NanumSquareRoundB.ttf */ = {isa = PBXFileReference; lastKnownFileType = file; path = NanumSquareRoundB.ttf; sourceTree = "<group>"; };
		A5A0C08D22DCD150006F2E83 /* NanumSquareRoundEB.ttf */ = {isa = PBXFileReference; lastKnownFileType = file; path = NanumSquareRoundEB.ttf; sourceTree = "<group>"; };
		C051F05C4517A9E3F19A8751 /* Extensions.swift */ = {isa = PBXFileReference; fileEncoding = 4; lastKnownFileType = sourcecode.swift; path = Extensions.swift; sourceTree = "<group>"; };
		C051F1995FE3594C44DEA5F6 /* WalletDoneVC.swift */ = {isa = PBXFileReference; fileEncoding = 4; lastKnownFileType = sourcecode.swift; path = WalletDoneVC.swift; sourceTree = "<group>"; };
		C051F26E21CD42E0A1B5B53D /* Util.swift */ = {isa = PBXFileReference; fileEncoding = 4; lastKnownFileType = sourcecode.swift; path = Util.swift; sourceTree = "<group>"; };
		C051F29FBC6A1B53190053A7 /* KeyboardShowHide.swift */ = {isa = PBXFileReference; fileEncoding = 4; lastKnownFileType = sourcecode.swift; path = KeyboardShowHide.swift; sourceTree = "<group>"; };
		C051F2A0436A8E675D322837 /* PasswordSettingVC.swift */ = {isa = PBXFileReference; fileEncoding = 4; lastKnownFileType = sourcecode.swift; path = PasswordSettingVC.swift; sourceTree = "<group>"; };
		C051F2C7AD63643BFDF3A9C6 /* NanumGothic.ttf */ = {isa = PBXFileReference; lastKnownFileType = file.ttf; path = NanumGothic.ttf; sourceTree = "<group>"; };
		C051F2FC1D4AD78361437D8A /* KeychainService.swift */ = {isa = PBXFileReference; fileEncoding = 4; lastKnownFileType = sourcecode.swift; path = KeychainService.swift; sourceTree = "<group>"; };
		C051F46ECA4D5C3D54C0F6B4 /* NetworkSettingVC.swift */ = {isa = PBXFileReference; fileEncoding = 4; lastKnownFileType = sourcecode.swift; path = NetworkSettingVC.swift; sourceTree = "<group>"; };
		C051F49F7A22AF8C42EA4D32 /* MainVC.swift */ = {isa = PBXFileReference; fileEncoding = 4; lastKnownFileType = sourcecode.swift; path = MainVC.swift; sourceTree = "<group>"; };
		C051F4A33524E6859AC9F0DB /* MainLeftMenuVC.swift */ = {isa = PBXFileReference; fileEncoding = 4; lastKnownFileType = sourcecode.swift; path = MainLeftMenuVC.swift; sourceTree = "<group>"; };
		C051F4A76C51AA93A6914007 /* Info.plist */ = {isa = PBXFileReference; lastKnownFileType = text.plist.info; path = Info.plist; sourceTree = "<group>"; };
		C051F51191A6826F0F867E0E /* AgreementCheckVC.swift */ = {isa = PBXFileReference; fileEncoding = 4; lastKnownFileType = sourcecode.swift; path = AgreementCheckVC.swift; sourceTree = "<group>"; };
		C051F6000A5F24D81AA83484 /* RightTransition.swift */ = {isa = PBXFileReference; fileEncoding = 4; lastKnownFileType = sourcecode.swift; path = RightTransition.swift; sourceTree = "<group>"; };
		C051F6342A463F4E5602402A /* MnemonicVerificationGetVC.swift */ = {isa = PBXFileReference; fileEncoding = 4; lastKnownFileType = sourcecode.swift; path = MnemonicVerificationGetVC.swift; sourceTree = "<group>"; };
		C051F635779A9F378E8C0E45 /* MainTokenView.swift */ = {isa = PBXFileReference; fileEncoding = 4; lastKnownFileType = sourcecode.swift; path = MainTokenView.swift; sourceTree = "<group>"; };
		C051F6F1EBF7625D6A925061 /* MnemonicWarningVC.swift */ = {isa = PBXFileReference; fileEncoding = 4; lastKnownFileType = sourcecode.swift; path = MnemonicWarningVC.swift; sourceTree = "<group>"; };
		C051F78260EE7AE0C72FAED1 /* AlertVC.swift */ = {isa = PBXFileReference; fileEncoding = 4; lastKnownFileType = sourcecode.swift; path = AlertVC.swift; sourceTree = "<group>"; };
		C051F7AC902DA14D067B4A7E /* AppDelegate.swift */ = {isa = PBXFileReference; lastKnownFileType = sourcecode.swift; path = AppDelegate.swift; sourceTree = "<group>"; };
		C051F7EB191CFBE9259BBA27 /* PasswordCheckVC.swift */ = {isa = PBXFileReference; fileEncoding = 4; lastKnownFileType = sourcecode.swift; path = PasswordCheckVC.swift; sourceTree = "<group>"; };
		C051F8B5925C8BBCF3AA8E8E /* MnemonicSettingVC.swift */ = {isa = PBXFileReference; fileEncoding = 4; lastKnownFileType = sourcecode.swift; path = MnemonicSettingVC.swift; sourceTree = "<group>"; };
		C051F94D8F21FC113B4FD9F2 /* MOAH Wallet.app */ = {isa = PBXFileReference; explicitFileType = wrapper.application; includeInIndex = 0; path = "MOAH Wallet.app"; sourceTree = BUILT_PRODUCTS_DIR; };
		C051F956AE867F6089FFE1BE /* Info.plist */ = {isa = PBXFileReference; lastKnownFileType = text.plist.info; path = Info.plist; sourceTree = "<group>"; };
		C051F96A941D724CEC53F3B1 /* FAQVC.swift */ = {isa = PBXFileReference; fileEncoding = 4; lastKnownFileType = sourcecode.swift; path = FAQVC.swift; sourceTree = "<group>"; };
		C051F9B011B6E362F3C18BEB /* MainRightMenuVC.swift */ = {isa = PBXFileReference; fileEncoding = 4; lastKnownFileType = sourcecode.swift; path = MainRightMenuVC.swift; sourceTree = "<group>"; };
		C051FA6C9DECCACCA006C620 /* MainViewController.swift */ = {isa = PBXFileReference; fileEncoding = 4; lastKnownFileType = sourcecode.swift; path = MainViewController.swift; sourceTree = "<group>"; };
		C051FA989586C885176EA740 /* PasswordVC.swift */ = {isa = PBXFileReference; fileEncoding = 4; lastKnownFileType = sourcecode.swift; path = PasswordVC.swift; sourceTree = "<group>"; };
		C051FA9FF2133358D8774A35 /* EthAccount.swift */ = {isa = PBXFileReference; fileEncoding = 4; lastKnownFileType = sourcecode.swift; path = EthAccount.swift; sourceTree = "<group>"; };
		C051FAA7B42C718BE4204A4A /* AnnouncementVC.swift */ = {isa = PBXFileReference; fileEncoding = 4; lastKnownFileType = sourcecode.swift; path = AnnouncementVC.swift; sourceTree = "<group>"; };
		C051FAAD35BE522484440F32 /* LeftTransition.swift */ = {isa = PBXFileReference; fileEncoding = 4; lastKnownFileType = sourcecode.swift; path = LeftTransition.swift; sourceTree = "<group>"; };
		C051FB1E96548FFD0DEEF195 /* MnemonicVC.swift */ = {isa = PBXFileReference; fileEncoding = 4; lastKnownFileType = sourcecode.swift; path = MnemonicVC.swift; sourceTree = "<group>"; };
		C051FBEC2A31284D49D39064 /* RightMenuOption.swift */ = {isa = PBXFileReference; fileEncoding = 4; lastKnownFileType = sourcecode.swift; path = RightMenuOption.swift; sourceTree = "<group>"; };
		C051FC2158395B4BF65E453E /* MnemonicVerificationVC.swift */ = {isa = PBXFileReference; fileEncoding = 4; lastKnownFileType = sourcecode.swift; path = MnemonicVerificationVC.swift; sourceTree = "<group>"; };
		C051FCDFA9CC8D752BE3F74C /* LockVC.swift */ = {isa = PBXFileReference; fileEncoding = 4; lastKnownFileType = sourcecode.swift; path = LockVC.swift; sourceTree = "<group>"; };
		C051FCF89F1254FD1A2B0D3F /* Structs.swift */ = {isa = PBXFileReference; fileEncoding = 4; lastKnownFileType = sourcecode.swift; path = Structs.swift; sourceTree = "<group>"; };
		C051FCFAB6F715D632781390 /* Checkbox.swift */ = {isa = PBXFileReference; fileEncoding = 4; lastKnownFileType = sourcecode.swift; path = Checkbox.swift; sourceTree = "<group>"; };
		C051FD3DE6EDBDC571CF0639 /* MOAH_WalletUITests.swift */ = {isa = PBXFileReference; lastKnownFileType = sourcecode.swift; path = MOAH_WalletUITests.swift; sourceTree = "<group>"; };
		C051FD66F7A5E3DE5EF1F0B5 /* MOAH WalletUITests.xctest */ = {isa = PBXFileReference; explicitFileType = wrapper.cfbundle; includeInIndex = 0; path = "MOAH WalletUITests.xctest"; sourceTree = BUILT_PRODUCTS_DIR; };
		C051FD7C702D47C01C39269E /* MOAH WalletTests.xctest */ = {isa = PBXFileReference; explicitFileType = wrapper.cfbundle; includeInIndex = 0; path = "MOAH WalletTests.xctest"; sourceTree = BUILT_PRODUCTS_DIR; };
		C051FD83FA4BAE07897C116D /* KeypadView.swift */ = {isa = PBXFileReference; fileEncoding = 4; lastKnownFileType = sourcecode.swift; path = KeypadView.swift; sourceTree = "<group>"; };
		C051FD9079AB28E40C022FDD /* AgreementVC.swift */ = {isa = PBXFileReference; fileEncoding = 4; lastKnownFileType = sourcecode.swift; path = AgreementVC.swift; sourceTree = "<group>"; };
		C051FD974D93686134C5B4E6 /* AgreementViewVC.swift */ = {isa = PBXFileReference; fileEncoding = 4; lastKnownFileType = sourcecode.swift; path = AgreementViewVC.swift; sourceTree = "<group>"; };
		C051FDAF143D94C8A37998D7 /* MOAH_WalletTests.swift */ = {isa = PBXFileReference; lastKnownFileType = sourcecode.swift; path = MOAH_WalletTests.swift; sourceTree = "<group>"; };
		C051FDC89BDB5CFCD23A6131 /* RightMenuCell.swift */ = {isa = PBXFileReference; fileEncoding = 4; lastKnownFileType = sourcecode.swift; path = RightMenuCell.swift; sourceTree = "<group>"; };
		C051FE634D5A6B9DF45C940E /* Base */ = {isa = PBXFileReference; lastKnownFileType = file.storyboard; name = Base; path = Base.lproj/Main.storyboard; sourceTree = "<group>"; };
		C051FECD2DA7B560A0904BBE /* LockView.swift */ = {isa = PBXFileReference; fileEncoding = 4; lastKnownFileType = sourcecode.swift; path = LockView.swift; sourceTree = "<group>"; };
		C051FF117AB4DADC769782D9 /* Info.plist */ = {isa = PBXFileReference; lastKnownFileType = text.plist.info; path = Info.plist; sourceTree = "<group>"; };
		C051FF8E066A1CFE267725CC /* CustomButton.swift */ = {isa = PBXFileReference; fileEncoding = 4; lastKnownFileType = sourcecode.swift; path = CustomButton.swift; sourceTree = "<group>"; };
		C051FFB8B9E194F8D83BD639 /* Protocols.swift */ = {isa = PBXFileReference; fileEncoding = 4; lastKnownFileType = sourcecode.swift; path = Protocols.swift; sourceTree = "<group>"; };
		C051FFF0FD15853474C90D5C /* MainContainerVC.swift */ = {isa = PBXFileReference; fileEncoding = 4; lastKnownFileType = sourcecode.swift; path = MainContainerVC.swift; sourceTree = "<group>"; };
/* End PBXFileReference section */

/* Begin PBXFrameworksBuildPhase section */
		C051F133B4FA89E787B0438D /* Frameworks */ = {
			isa = PBXFrameworksBuildPhase;
			buildActionMask = 2147483647;
			files = (
				6A53443E9BA1270E4CDF7AF0 /* Pods_MOAH_WalletTests.framework in Frameworks */,
			);
			runOnlyForDeploymentPostprocessing = 0;
		};
		C051F31CB7DA9954443FA601 /* Frameworks */ = {
			isa = PBXFrameworksBuildPhase;
			buildActionMask = 2147483647;
			files = (
				414E9B1CD0814E681ED5F8C1 /* Pods_MOAH_WalletUITests.framework in Frameworks */,
			);
			runOnlyForDeploymentPostprocessing = 0;
		};
		C051FCBA44B17162D3A70F37 /* Frameworks */ = {
			isa = PBXFrameworksBuildPhase;
			buildActionMask = 2147483647;
			files = (
				A540D1D222D792D600A6CE7B /* LocalAuthentication.framework in Frameworks */,
				05420EDFE8066F95FF450720 /* Pods_MOAH_Wallet.framework in Frameworks */,
			);
			runOnlyForDeploymentPostprocessing = 0;
		};
/* End PBXFrameworksBuildPhase section */

/* Begin PBXGroup section */
		69767C46390E8ADA249FA0F6 /* Frameworks */ = {
			isa = PBXGroup;
			children = (
				A540D1D122D792D600A6CE7B /* LocalAuthentication.framework */,
				812B68AEFA4BF918CB42A780 /* Pods_MOAH_Wallet.framework */,
				8E1E7B44C2914ADF41305D87 /* Pods_MOAH_WalletTests.framework */,
				0EF9D3F80FDB01A105DBD08E /* Pods_MOAH_WalletUITests.framework */,
			);
			name = Frameworks;
			sourceTree = "<group>";
		};
		925FA85B9EEB7227F20D03AC /* Pods */ = {
			isa = PBXGroup;
			children = (
				908A34CA5923A3A1D9426A42 /* Pods-MOAH Wallet.debug.xcconfig */,
				283370360A1463067B52690A /* Pods-MOAH Wallet.release.xcconfig */,
				0E648184D5F32424B823508B /* Pods-MOAH WalletTests.debug.xcconfig */,
				25D72DCCE23C1CCCFA10CE29 /* Pods-MOAH WalletTests.release.xcconfig */,
				69C6482B282D4CC19C2C4C29 /* Pods-MOAH WalletUITests.debug.xcconfig */,
				1737CB4AFAA824B10FE0DB65 /* Pods-MOAH WalletUITests.release.xcconfig */,
			);
			path = Pods;
			sourceTree = "<group>";
		};
		C051F009C85EAAC761BD385F /* Controller */ = {
			isa = PBXGroup;
			children = (
				C051F49F7A22AF8C42EA4D32 /* MainVC.swift */,
				C051FCDFA9CC8D752BE3F74C /* LockVC.swift */,
				C051F4A33524E6859AC9F0DB /* MainLeftMenuVC.swift */,
				C051FFF0FD15853474C90D5C /* MainContainerVC.swift */,
				C051F78260EE7AE0C72FAED1 /* AlertVC.swift */,
				C051F58D1773450372607960 /* PreMainController */,
				C051F1EA5DBBAA18C80300C9 /* RightMenuController */,
			);
			path = Controller;
			sourceTree = "<group>";
		};
		C051F10289EE90F96384604E /* MOAH Wallet */ = {
			isa = PBXGroup;
			children = (
				A50F201322DB963A00466E8F /* Assets.xcassets */,
				C051FF117AB4DADC769782D9 /* Info.plist */,
				C051F7AC902DA14D067B4A7E /* AppDelegate.swift */,
				A50F201522DB97FA00466E8F /* LaunchScreen.storyboard */,
				C051FDE6CC50D5ED79E6F42C /* Main.storyboard */,
				C051F009C85EAAC761BD385F /* Controller */,
				C051F8EF9ECCBF70D1341548 /* Utils */,
				C051F1543F153AB463143264 /* Resources */,
				C051F978BFB84B4B06445E34 /* View */,
				C051F5478E2DF7DBC6F4F331 /* Model */,
			);
			path = "MOAH Wallet";
			sourceTree = "<group>";
		};
		C051F1543F153AB463143264 /* Resources */ = {
			isa = PBXGroup;
			children = (
				C051F2802136F18ED58E52F0 /* Fonts */,
			);
			path = Resources;
			sourceTree = "<group>";
		};
		C051F1EA5DBBAA18C80300C9 /* RightMenuController */ = {
			isa = PBXGroup;
			children = (
				C051F9B011B6E362F3C18BEB /* MainRightMenuVC.swift */,
				C051F46ECA4D5C3D54C0F6B4 /* NetworkSettingVC.swift */,
				C051F8B5925C8BBCF3AA8E8E /* MnemonicSettingVC.swift */,
				C051F2A0436A8E675D322837 /* PasswordSettingVC.swift */,
				C051FAA7B42C718BE4204A4A /* AnnouncementVC.swift */,
				C051F96A941D724CEC53F3B1 /* FAQVC.swift */,
				C051F51191A6826F0F867E0E /* AgreementCheckVC.swift */,
				C051F7EB191CFBE9259BBA27 /* PasswordCheckVC.swift */,
			);
			path = RightMenuController;
			sourceTree = "<group>";
		};
		C051F2802136F18ED58E52F0 /* Fonts */ = {
			isa = PBXGroup;
			children = (
				A5A0C08C22DCD150006F2E83 /* NanumSquareRoundB.ttf */,
				A5A0C08D22DCD150006F2E83 /* NanumSquareRoundEB.ttf */,
				A5A0C08B22DCD150006F2E83 /* NanumSquareRoundR.ttf */,
				C051F2C7AD63643BFDF3A9C6 /* NanumGothic.ttf */,
			);
			path = Fonts;
			sourceTree = "<group>";
		};
		C051F5478E2DF7DBC6F4F331 /* Model */ = {
			isa = PBXGroup;
			children = (
				C051FBEC2A31284D49D39064 /* RightMenuOption.swift */,
				C051FA9FF2133358D8774A35 /* EthAccount.swift */,
				C051F2FC1D4AD78361437D8A /* KeychainService.swift */,
			);
			path = Model;
			sourceTree = "<group>";
		};
		C051F58D1773450372607960 /* PreMainController */ = {
			isa = PBXGroup;
			children = (
				C051FD9079AB28E40C022FDD /* AgreementVC.swift */,
				C051FD974D93686134C5B4E6 /* AgreementViewVC.swift */,
				C051F1995FE3594C44DEA5F6 /* WalletDoneVC.swift */,
				C051F6F1EBF7625D6A925061 /* MnemonicWarningVC.swift */,
				C051FC2158395B4BF65E453E /* MnemonicVerificationVC.swift */,
				C051F6342A463F4E5602402A /* MnemonicVerificationGetVC.swift */,
				C051FB1E96548FFD0DEEF195 /* MnemonicVC.swift */,
				C051FA989586C885176EA740 /* PasswordVC.swift */,
				C051FA6C9DECCACCA006C620 /* MainViewController.swift */,
			);
			path = PreMainController;
			sourceTree = "<group>";
		};
		C051F73525924B220178F7D1 = {
			isa = PBXGroup;
			children = (
				C051F7D0608ECA7D56789C97 /* Products */,
				C051F10289EE90F96384604E /* MOAH Wallet */,
				C051FC0CBA68754B2638FE0C /* MOAH WalletTests */,
				C051FB6918D76ABB9BC18032 /* MOAH WalletUITests */,
				925FA85B9EEB7227F20D03AC /* Pods */,
				69767C46390E8ADA249FA0F6 /* Frameworks */,
			);
			sourceTree = "<group>";
		};
		C051F7D0608ECA7D56789C97 /* Products */ = {
			isa = PBXGroup;
			children = (
				C051F94D8F21FC113B4FD9F2 /* MOAH Wallet.app */,
				C051FD7C702D47C01C39269E /* MOAH WalletTests.xctest */,
				C051FD66F7A5E3DE5EF1F0B5 /* MOAH WalletUITests.xctest */,
			);
			name = Products;
			sourceTree = "<group>";
		};
		C051F8EF9ECCBF70D1341548 /* Utils */ = {
			isa = PBXGroup;
			children = (
				C051F26E21CD42E0A1B5B53D /* Util.swift */,
				C051F29FBC6A1B53190053A7 /* KeyboardShowHide.swift */,
				C051FFB8B9E194F8D83BD639 /* Protocols.swift */,
				C051F05C4517A9E3F19A8751 /* Extensions.swift */,
				C051FCF89F1254FD1A2B0D3F /* Structs.swift */,
			);
			path = Utils;
			sourceTree = "<group>";
		};
		C051F978BFB84B4B06445E34 /* View */ = {
			isa = PBXGroup;
			children = (
				C051FD83FA4BAE07897C116D /* KeypadView.swift */,
				C051FF8E066A1CFE267725CC /* CustomButton.swift */,
				C051FCFAB6F715D632781390 /* Checkbox.swift */,
				C051FDC89BDB5CFCD23A6131 /* RightMenuCell.swift */,
				C051F6000A5F24D81AA83484 /* RightTransition.swift */,
				C051FAAD35BE522484440F32 /* LeftTransition.swift */,
				C051FECD2DA7B560A0904BBE /* LockView.swift */,
				C051F635779A9F378E8C0E45 /* MainTokenView.swift */,
			);
			path = View;
			sourceTree = "<group>";
		};
		C051FB6918D76ABB9BC18032 /* MOAH WalletUITests */ = {
			isa = PBXGroup;
			children = (
				C051F4A76C51AA93A6914007 /* Info.plist */,
				C051FD3DE6EDBDC571CF0639 /* MOAH_WalletUITests.swift */,
			);
			path = "MOAH WalletUITests";
			sourceTree = "<group>";
		};
		C051FC0CBA68754B2638FE0C /* MOAH WalletTests */ = {
			isa = PBXGroup;
			children = (
				C051F956AE867F6089FFE1BE /* Info.plist */,
				C051FDAF143D94C8A37998D7 /* MOAH_WalletTests.swift */,
			);
			path = "MOAH WalletTests";
			sourceTree = "<group>";
		};
/* End PBXGroup section */

/* Begin PBXNativeTarget section */
		C051F29DA3326670AD06C50D /* MOAH WalletUITests */ = {
			isa = PBXNativeTarget;
			buildConfigurationList = C051F4B7F1F4DA0D998450B9 /* Build configuration list for PBXNativeTarget "MOAH WalletUITests" */;
			buildPhases = (
				FF29BED72454F1903C944AE1 /* [CP] Check Pods Manifest.lock */,
				C051FAA9662B9D741B57BF62 /* Sources */,
				C051F31CB7DA9954443FA601 /* Frameworks */,
				C051FAD6C08ECAFCE23AC472 /* Resources */,
			);
			buildRules = (
			);
			dependencies = (
				C051F309B1DB7FA477C21B87 /* PBXTargetDependency */,
			);
			name = "MOAH WalletUITests";
			productName = "MOAH WalletUITests";
			productReference = C051FD66F7A5E3DE5EF1F0B5 /* MOAH WalletUITests.xctest */;
			productType = "com.apple.product-type.bundle.ui-testing";
		};
		C051FB7AA217D8E18157E694 /* MOAH Wallet */ = {
			isa = PBXNativeTarget;
			buildConfigurationList = C051F58715B03DA77E28170F /* Build configuration list for PBXNativeTarget "MOAH Wallet" */;
			buildPhases = (
				21EE529C7E74E4F4B2C79F5B /* [CP] Check Pods Manifest.lock */,
				C051F66476844F22BA319E63 /* Sources */,
				C051FCBA44B17162D3A70F37 /* Frameworks */,
				C051FE160BD764E0F68B0B71 /* Resources */,
				36E889EF8CA23BBAB299B827 /* [CP] Embed Pods Frameworks */,
			);
			buildRules = (
			);
			dependencies = (
			);
			name = "MOAH Wallet";
			productName = "MOAH Wallet";
			productReference = C051F94D8F21FC113B4FD9F2 /* MOAH Wallet.app */;
			productType = "com.apple.product-type.application";
		};
		C051FFC29F394AFAE31F4977 /* MOAH WalletTests */ = {
			isa = PBXNativeTarget;
			buildConfigurationList = C051F98A3E7BCEE351F05CBE /* Build configuration list for PBXNativeTarget "MOAH WalletTests" */;
			buildPhases = (
				B878F363A249ADD7E53ED589 /* [CP] Check Pods Manifest.lock */,
				C051FEFFFFBEE31683189F6A /* Sources */,
				C051F133B4FA89E787B0438D /* Frameworks */,
				C051FB3303731699D797ADDD /* Resources */,
			);
			buildRules = (
			);
			dependencies = (
				C051FAAAC1E4AE8E272605DA /* PBXTargetDependency */,
			);
			name = "MOAH WalletTests";
			productName = "MOAH WalletTests";
			productReference = C051FD7C702D47C01C39269E /* MOAH WalletTests.xctest */;
			productType = "com.apple.product-type.bundle.unit-test";
		};
/* End PBXNativeTarget section */

/* Begin PBXProject section */
		C051F9DAD87FCA8A61C06861 /* Project object */ = {
			isa = PBXProject;
			attributes = {
				ORGANIZATIONNAME = "Sejong University Alom";
			};
			buildConfigurationList = C051FF304EA9E3D34B19C3EB /* Build configuration list for PBXProject "MOAH Wallet" */;
			compatibilityVersion = "Xcode 3.2";
			developmentRegion = English;
			hasScannedForEncodings = 0;
			knownRegions = (
				English,
				en,
				Base,
			);
			mainGroup = C051F73525924B220178F7D1;
			productRefGroup = C051F7D0608ECA7D56789C97 /* Products */;
			projectDirPath = "";
			projectRoot = "";
			targets = (
				C051FB7AA217D8E18157E694 /* MOAH Wallet */,
				C051FFC29F394AFAE31F4977 /* MOAH WalletTests */,
				C051F29DA3326670AD06C50D /* MOAH WalletUITests */,
			);
		};
/* End PBXProject section */

/* Begin PBXResourcesBuildPhase section */
		C051FAD6C08ECAFCE23AC472 /* Resources */ = {
			isa = PBXResourcesBuildPhase;
			buildActionMask = 2147483647;
			files = (
			);
			runOnlyForDeploymentPostprocessing = 0;
		};
		C051FB3303731699D797ADDD /* Resources */ = {
			isa = PBXResourcesBuildPhase;
			buildActionMask = 2147483647;
			files = (
			);
			runOnlyForDeploymentPostprocessing = 0;
		};
		C051FE160BD764E0F68B0B71 /* Resources */ = {
			isa = PBXResourcesBuildPhase;
			buildActionMask = 2147483647;
			files = (
				A50F201722DB97FA00466E8F /* LaunchScreen.storyboard in Resources */,
				A5A0C08F22DCD154006F2E83 /* NanumSquareRoundEB.ttf in Resources */,
				A50F201422DB963A00466E8F /* Assets.xcassets in Resources */,
				A5A0C09022DCD155006F2E83 /* NanumSquareRoundR.ttf in Resources */,
				C051F29405CB6CAEB8A90062 /* Main.storyboard in Resources */,
				C051F2EF863672C14C79CE4D /* NanumGothic.ttf in Resources */,
				A5A0C08E22DCD151006F2E83 /* NanumSquareRoundB.ttf in Resources */,
			);
			runOnlyForDeploymentPostprocessing = 0;
		};
/* End PBXResourcesBuildPhase section */

/* Begin PBXShellScriptBuildPhase section */
		21EE529C7E74E4F4B2C79F5B /* [CP] Check Pods Manifest.lock */ = {
			isa = PBXShellScriptBuildPhase;
			buildActionMask = 2147483647;
			files = (
			);
			inputFileListPaths = (
			);
			inputPaths = (
				"${PODS_PODFILE_DIR_PATH}/Podfile.lock",
				"${PODS_ROOT}/Manifest.lock",
			);
			name = "[CP] Check Pods Manifest.lock";
			outputFileListPaths = (
			);
			outputPaths = (
				"$(DERIVED_FILE_DIR)/Pods-MOAH Wallet-checkManifestLockResult.txt",
			);
			runOnlyForDeploymentPostprocessing = 0;
			shellPath = /bin/sh;
			shellScript = "diff \"${PODS_PODFILE_DIR_PATH}/Podfile.lock\" \"${PODS_ROOT}/Manifest.lock\" > /dev/null\nif [ $? != 0 ] ; then\n    # print error to STDERR\n    echo \"error: The sandbox is not in sync with the Podfile.lock. Run 'pod install' or update your CocoaPods installation.\" >&2\n    exit 1\nfi\n# This output is used by Xcode 'outputs' to avoid re-running this script phase.\necho \"SUCCESS\" > \"${SCRIPT_OUTPUT_FILE_0}\"\n";
			showEnvVarsInLog = 0;
		};
		36E889EF8CA23BBAB299B827 /* [CP] Embed Pods Frameworks */ = {
			isa = PBXShellScriptBuildPhase;
			buildActionMask = 2147483647;
			files = (
			);
			inputPaths = (
				"${PODS_ROOT}/Target Support Files/Pods-MOAH Wallet/Pods-MOAH Wallet-frameworks.sh",
				"${BUILT_PRODUCTS_DIR}/BigInt/BigInt.framework",
				"${BUILT_PRODUCTS_DIR}/CryptoSwift/CryptoSwift.framework",
				"${BUILT_PRODUCTS_DIR}/PromiseKit/PromiseKit.framework",
				"${BUILT_PRODUCTS_DIR}/SipHash/SipHash.framework",
				"${BUILT_PRODUCTS_DIR}/keccak.c/keccak.framework",
				"${BUILT_PRODUCTS_DIR}/scrypt.c/scrypt.framework",
				"${BUILT_PRODUCTS_DIR}/secp256k1.c/secp256k1.framework",
				"${BUILT_PRODUCTS_DIR}/web3swift.pod/web3swift.framework",
			);
			name = "[CP] Embed Pods Frameworks";
			outputPaths = (
				"${TARGET_BUILD_DIR}/${FRAMEWORKS_FOLDER_PATH}/BigInt.framework",
				"${TARGET_BUILD_DIR}/${FRAMEWORKS_FOLDER_PATH}/CryptoSwift.framework",
				"${TARGET_BUILD_DIR}/${FRAMEWORKS_FOLDER_PATH}/PromiseKit.framework",
				"${TARGET_BUILD_DIR}/${FRAMEWORKS_FOLDER_PATH}/SipHash.framework",
				"${TARGET_BUILD_DIR}/${FRAMEWORKS_FOLDER_PATH}/keccak.framework",
				"${TARGET_BUILD_DIR}/${FRAMEWORKS_FOLDER_PATH}/scrypt.framework",
				"${TARGET_BUILD_DIR}/${FRAMEWORKS_FOLDER_PATH}/secp256k1.framework",
				"${TARGET_BUILD_DIR}/${FRAMEWORKS_FOLDER_PATH}/web3swift.framework",
			);
			runOnlyForDeploymentPostprocessing = 0;
			shellPath = /bin/sh;
			shellScript = "\"${PODS_ROOT}/Target Support Files/Pods-MOAH Wallet/Pods-MOAH Wallet-frameworks.sh\"\n";
			showEnvVarsInLog = 0;
		};
		B878F363A249ADD7E53ED589 /* [CP] Check Pods Manifest.lock */ = {
			isa = PBXShellScriptBuildPhase;
			buildActionMask = 2147483647;
			files = (
			);
			inputFileListPaths = (
			);
			inputPaths = (
				"${PODS_PODFILE_DIR_PATH}/Podfile.lock",
				"${PODS_ROOT}/Manifest.lock",
			);
			name = "[CP] Check Pods Manifest.lock";
			outputFileListPaths = (
			);
			outputPaths = (
				"$(DERIVED_FILE_DIR)/Pods-MOAH WalletTests-checkManifestLockResult.txt",
			);
			runOnlyForDeploymentPostprocessing = 0;
			shellPath = /bin/sh;
			shellScript = "diff \"${PODS_PODFILE_DIR_PATH}/Podfile.lock\" \"${PODS_ROOT}/Manifest.lock\" > /dev/null\nif [ $? != 0 ] ; then\n    # print error to STDERR\n    echo \"error: The sandbox is not in sync with the Podfile.lock. Run 'pod install' or update your CocoaPods installation.\" >&2\n    exit 1\nfi\n# This output is used by Xcode 'outputs' to avoid re-running this script phase.\necho \"SUCCESS\" > \"${SCRIPT_OUTPUT_FILE_0}\"\n";
			showEnvVarsInLog = 0;
		};
		FF29BED72454F1903C944AE1 /* [CP] Check Pods Manifest.lock */ = {
			isa = PBXShellScriptBuildPhase;
			buildActionMask = 2147483647;
			files = (
			);
			inputFileListPaths = (
			);
			inputPaths = (
				"${PODS_PODFILE_DIR_PATH}/Podfile.lock",
				"${PODS_ROOT}/Manifest.lock",
			);
			name = "[CP] Check Pods Manifest.lock";
			outputFileListPaths = (
			);
			outputPaths = (
				"$(DERIVED_FILE_DIR)/Pods-MOAH WalletUITests-checkManifestLockResult.txt",
			);
			runOnlyForDeploymentPostprocessing = 0;
			shellPath = /bin/sh;
			shellScript = "diff \"${PODS_PODFILE_DIR_PATH}/Podfile.lock\" \"${PODS_ROOT}/Manifest.lock\" > /dev/null\nif [ $? != 0 ] ; then\n    # print error to STDERR\n    echo \"error: The sandbox is not in sync with the Podfile.lock. Run 'pod install' or update your CocoaPods installation.\" >&2\n    exit 1\nfi\n# This output is used by Xcode 'outputs' to avoid re-running this script phase.\necho \"SUCCESS\" > \"${SCRIPT_OUTPUT_FILE_0}\"\n";
			showEnvVarsInLog = 0;
		};
/* End PBXShellScriptBuildPhase section */

/* Begin PBXSourcesBuildPhase section */
		C051F66476844F22BA319E63 /* Sources */ = {
			isa = PBXSourcesBuildPhase;
			buildActionMask = 2147483647;
			files = (
				C051FB5E23902398DEF96B30 /* AppDelegate.swift in Sources */,
				C051F2666FCBD43EDDC03FD2 /* MainVC.swift in Sources */,
				C051FC07BFCC39DD3F13BCF3 /* LockVC.swift in Sources */,
				C051FA62FD875D5F93EDDFD4 /* Util.swift in Sources */,
				C051FB3EDA8676CDCDBBDEF9 /* KeyboardShowHide.swift in Sources */,
				C051F55881A8C22611357EA0 /* MainLeftMenuVC.swift in Sources */,
				C051F957854FA8DC85D649B1 /* MainContainerVC.swift in Sources */,
				C051FB1FE29301C3EA68F93B /* KeypadView.swift in Sources */,
				C051F58BA970A28F5148E884 /* CustomButton.swift in Sources */,
				C051FD6077E544C0242ACD61 /* Checkbox.swift in Sources */,
				C051FC27C11844F1ED252D9B /* RightMenuCell.swift in Sources */,
				C051FACD1A0E01B4C40586F2 /* AlertVC.swift in Sources */,
				C051F954683BF105789BE5C2 /* RightMenuOption.swift in Sources */,
				C051F85B2D0020F30D1961C8 /* Protocols.swift in Sources */,
				C051F955E6F8A508A82CB7E8 /* EthAccount.swift in Sources */,
				C051FC4AF7558DDA3AA8C5A6 /* KeychainService.swift in Sources */,
				C051F6991830583F5D879C9C /* AgreementVC.swift in Sources */,
				C051F9325D53C154295B5522 /* AgreementViewVC.swift in Sources */,
				C051F159ABCE211D65F59FE8 /* WalletDoneVC.swift in Sources */,
				C051F8022391B9973BD91137 /* MnemonicWarningVC.swift in Sources */,
				C051F5F80BB40708BAE58682 /* MnemonicVerificationVC.swift in Sources */,
				C051FEC7D1FC02F093FF50B5 /* MnemonicVerificationGetVC.swift in Sources */,
				C051F7AE7F9AA30993F9E5AD /* MnemonicVC.swift in Sources */,
				C051F49194CE70570CBFED75 /* PasswordVC.swift in Sources */,
				C051F43CB8BBDF5876788661 /* MainViewController.swift in Sources */,
				C051F93D1BFE68F450C3B94C /* MainRightMenuVC.swift in Sources */,
				C051F373B173AC54AF229DFB /* NetworkSettingVC.swift in Sources */,
				C051F4A7604CFC036FD89FFE /* MnemonicSettingVC.swift in Sources */,
				C051F7C9A6AC866D22C44686 /* PasswordSettingVC.swift in Sources */,
				C051F722D5ED0A6958B239A0 /* AnnouncementVC.swift in Sources */,
				C051FC24A82139E7B0A58CD6 /* FAQVC.swift in Sources */,
				C051F106C4C595A04EAA4FE1 /* AgreementCheckVC.swift in Sources */,
				C051F2AA4E61C47D5F1C3018 /* RightTransition.swift in Sources */,
				C051FC018077B21A44B84622 /* LeftTransition.swift in Sources */,
				C051F94A55FC32388DE66EF6 /* LockView.swift in Sources */,
				C051F0AC25B5A02E9F827E16 /* PasswordCheckVC.swift in Sources */,
				C051F88E2A48A734D8F1901B /* Extensions.swift in Sources */,
				C051F9790CC44994FE169C8E /* Structs.swift in Sources */,
				C051F45046E2E4152EDD8712 /* MainTokenView.swift in Sources */,
			);
			runOnlyForDeploymentPostprocessing = 0;
		};
		C051FAA9662B9D741B57BF62 /* Sources */ = {
			isa = PBXSourcesBuildPhase;
			buildActionMask = 2147483647;
			files = (
				C051F361ACB751354EDEFC01 /* MOAH_WalletUITests.swift in Sources */,
			);
			runOnlyForDeploymentPostprocessing = 0;
		};
		C051FEFFFFBEE31683189F6A /* Sources */ = {
			isa = PBXSourcesBuildPhase;
			buildActionMask = 2147483647;
			files = (
				C051F9D4CD5F97DE4AA25F2E /* MOAH_WalletTests.swift in Sources */,
			);
			runOnlyForDeploymentPostprocessing = 0;
		};
/* End PBXSourcesBuildPhase section */

/* Begin PBXTargetDependency section */
		C051F309B1DB7FA477C21B87 /* PBXTargetDependency */ = {
			isa = PBXTargetDependency;
			target = C051FB7AA217D8E18157E694 /* MOAH Wallet */;
			targetProxy = C051F47F84F97D0316993870 /* PBXContainerItemProxy */;
		};
		C051FAAAC1E4AE8E272605DA /* PBXTargetDependency */ = {
			isa = PBXTargetDependency;
			target = C051FB7AA217D8E18157E694 /* MOAH Wallet */;
			targetProxy = C051FAA324BA824CAD8B8448 /* PBXContainerItemProxy */;
		};
/* End PBXTargetDependency section */

/* Begin PBXVariantGroup section */
		A50F201522DB97FA00466E8F /* LaunchScreen.storyboard */ = {
			isa = PBXVariantGroup;
			children = (
				A50F201622DB97FA00466E8F /* Base */,
			);
			name = LaunchScreen.storyboard;
			sourceTree = "<group>";
		};
		C051FDE6CC50D5ED79E6F42C /* Main.storyboard */ = {
			isa = PBXVariantGroup;
			children = (
				C051FE634D5A6B9DF45C940E /* Base */,
			);
			name = Main.storyboard;
			sourceTree = "<group>";
		};
/* End PBXVariantGroup section */

/* Begin XCBuildConfiguration section */
		C051F03AEEE3CCB3A45781DA /* Release */ = {
			isa = XCBuildConfiguration;
			buildSettings = {
				ALWAYS_SEARCH_USER_PATHS = NO;
				CLANG_ANALYZER_NONNULL = YES;
				CLANG_ANALYZER_NUMBER_OBJECT_CONVERSION = YES_AGGRESSIVE;
				CLANG_CXX_LANGUAGE_STANDARD = "gnu++14";
				CLANG_CXX_LIBRARY = "libc++";
				CLANG_ENABLE_MODULES = YES;
				CLANG_ENABLE_OBJC_ARC = YES;
				CLANG_ENABLE_OBJC_WEAK = YES;
				CLANG_WARN_BLOCK_CAPTURE_AUTORELEASING = YES;
				CLANG_WARN_BOOL_CONVERSION = YES;
				CLANG_WARN_COMMA = YES;
				CLANG_WARN_CONSTANT_CONVERSION = YES;
				CLANG_WARN_DEPRECATED_OBJC_IMPLEMENTATIONS = YES;
				CLANG_WARN_DIRECT_OBJC_ISA_USAGE = YES_ERROR;
				CLANG_WARN_DOCUMENTATION_COMMENTS = YES;
				CLANG_WARN_EMPTY_BODY = YES;
				CLANG_WARN_ENUM_CONVERSION = YES;
				CLANG_WARN_INFINITE_RECURSION = YES;
				CLANG_WARN_INT_CONVERSION = YES;
				CLANG_WARN_NON_LITERAL_NULL_CONVERSION = YES;
				CLANG_WARN_OBJC_IMPLICIT_RETAIN_SELF = YES;
				CLANG_WARN_OBJC_LITERAL_CONVERSION = YES;
				CLANG_WARN_OBJC_ROOT_CLASS = YES_ERROR;
				CLANG_WARN_RANGE_LOOP_ANALYSIS = YES;
				CLANG_WARN_STRICT_PROTOTYPES = YES;
				CLANG_WARN_SUSPICIOUS_MOVE = YES;
				CLANG_WARN_UNGUARDED_AVAILABILITY = YES_AGGRESSIVE;
				CLANG_WARN_UNREACHABLE_CODE = YES;
				CLANG_WARN__DUPLICATE_METHOD_MATCH = YES;
				CODE_SIGN_IDENTITY = "iPhone Developer";
				COPY_PHASE_STRIP = NO;
				DEBUG_INFORMATION_FORMAT = "dwarf-with-dsym";
				ENABLE_NS_ASSERTIONS = NO;
				ENABLE_STRICT_OBJC_MSGSEND = YES;
				GCC_C_LANGUAGE_STANDARD = gnu11;
				GCC_NO_COMMON_BLOCKS = YES;
				GCC_WARN_64_TO_32_BIT_CONVERSION = YES;
				GCC_WARN_ABOUT_RETURN_TYPE = YES_ERROR;
				GCC_WARN_UNDECLARED_SELECTOR = YES;
				GCC_WARN_UNINITIALIZED_AUTOS = YES_AGGRESSIVE;
				GCC_WARN_UNUSED_FUNCTION = YES;
				GCC_WARN_UNUSED_VARIABLE = YES;
				IPHONEOS_DEPLOYMENT_TARGET = 12.2;
				MTL_ENABLE_DEBUG_INFO = NO;
				MTL_FAST_MATH = YES;
				SDKROOT = iphoneos;
				SWIFT_OPTIMIZATION_LEVEL = "-Owholemodule";
				VALIDATE_PRODUCT = YES;
			};
			name = Release;
		};
		C051F3E0BB6FB83F32D526C0 /* Debug */ = {
			isa = XCBuildConfiguration;
			baseConfigurationReference = 0E648184D5F32424B823508B /* Pods-MOAH WalletTests.debug.xcconfig */;
			buildSettings = {
				BUNDLE_LOADER = "$(BUILT_PRODUCTS_DIR)/MOAH Wallet.app/MOAH Wallet";
				INFOPLIST_FILE = "MOAH WalletTests/Info.plist";
				LD_RUNPATH_SEARCH_PATHS = "$(inherited) @executable_path/Frameworks @loader_path/Frameworks";
				PRODUCT_BUNDLE_IDENTIFIER = "ALOM.MOAH-WalletTests";
				PRODUCT_NAME = "$(TARGET_NAME)";
				SWIFT_VERSION = 5.0;
				TARGETED_DEVICE_FAMILY = "1,2";
				TEST_HOST = "$(BUNDLE_LOADER)";
			};
			name = Debug;
		};
		C051F781BC68956F65428520 /* Release */ = {
			isa = XCBuildConfiguration;
			baseConfigurationReference = 283370360A1463067B52690A /* Pods-MOAH Wallet.release.xcconfig */;
			buildSettings = {
				ASSETCATALOG_COMPILER_APPICON_NAME = AppIcon;
				ASSETCATALOG_COMPILER_LAUNCHIMAGE_NAME = LaunchImage;
				INFOPLIST_FILE = "MOAH Wallet/Info.plist";
				LD_RUNPATH_SEARCH_PATHS = "$(inherited) @executable_path/Frameworks";
				PRODUCT_BUNDLE_IDENTIFIER = "ALOM.MOAH-Wallet";
				PRODUCT_NAME = "$(TARGET_NAME)";
				SWIFT_VERSION = 5.0;
				TARGETED_DEVICE_FAMILY = "1,2";
			};
			name = Release;
		};
		C051F84E6E7205295EB67DAA /* Debug */ = {
			isa = XCBuildConfiguration;
			baseConfigurationReference = 908A34CA5923A3A1D9426A42 /* Pods-MOAH Wallet.debug.xcconfig */;
			buildSettings = {
				ASSETCATALOG_COMPILER_APPICON_NAME = AppIcon;
				ASSETCATALOG_COMPILER_LAUNCHIMAGE_NAME = LaunchImage;
				INFOPLIST_FILE = "MOAH Wallet/Info.plist";
				LD_RUNPATH_SEARCH_PATHS = "$(inherited) @executable_path/Frameworks";
				PRODUCT_BUNDLE_IDENTIFIER = "ALOM.MOAH-Wallet";
				PRODUCT_NAME = "$(TARGET_NAME)";
				SWIFT_VERSION = 5.0;
				TARGETED_DEVICE_FAMILY = "1,2";
			};
			name = Debug;
		};
		C051F92B394FDA933382E13D /* Debug */ = {
			isa = XCBuildConfiguration;
			baseConfigurationReference = 69C6482B282D4CC19C2C4C29 /* Pods-MOAH WalletUITests.debug.xcconfig */;
			buildSettings = {
				INFOPLIST_FILE = "MOAH WalletUITests/Info.plist";
				LD_RUNPATH_SEARCH_PATHS = "$(inherited) @executable_path/Frameworks @loader_path/Frameworks";
				PRODUCT_BUNDLE_IDENTIFIER = "ALOM.MOAH-WalletUITests";
				PRODUCT_NAME = "$(TARGET_NAME)";
				SWIFT_VERSION = 5.0;
				TARGETED_DEVICE_FAMILY = "1,2";
				TEST_TARGET_NAME = "MOAH Wallet";
			};
			name = Debug;
		};
		C051F9D0C580DA6CCAB2A631 /* Release */ = {
			isa = XCBuildConfiguration;
			baseConfigurationReference = 1737CB4AFAA824B10FE0DB65 /* Pods-MOAH WalletUITests.release.xcconfig */;
			buildSettings = {
				INFOPLIST_FILE = "MOAH WalletUITests/Info.plist";
				LD_RUNPATH_SEARCH_PATHS = "$(inherited) @executable_path/Frameworks @loader_path/Frameworks";
				PRODUCT_BUNDLE_IDENTIFIER = "ALOM.MOAH-WalletUITests";
				PRODUCT_NAME = "$(TARGET_NAME)";
				SWIFT_VERSION = 5.0;
				TARGETED_DEVICE_FAMILY = "1,2";
				TEST_TARGET_NAME = "MOAH Wallet";
			};
			name = Release;
		};
		C051FA3817226924DACA8C57 /* Release */ = {
			isa = XCBuildConfiguration;
			baseConfigurationReference = 25D72DCCE23C1CCCFA10CE29 /* Pods-MOAH WalletTests.release.xcconfig */;
			buildSettings = {
				BUNDLE_LOADER = "$(BUILT_PRODUCTS_DIR)/MOAH Wallet.app/MOAH Wallet";
				INFOPLIST_FILE = "MOAH WalletTests/Info.plist";
				LD_RUNPATH_SEARCH_PATHS = "$(inherited) @executable_path/Frameworks @loader_path/Frameworks";
				PRODUCT_BUNDLE_IDENTIFIER = "ALOM.MOAH-WalletTests";
				PRODUCT_NAME = "$(TARGET_NAME)";
				SWIFT_VERSION = 5.0;
				TARGETED_DEVICE_FAMILY = "1,2";
				TEST_HOST = "$(BUNDLE_LOADER)";
			};
			name = Release;
		};
		C051FE12BAC146ABAB2A9A36 /* Debug */ = {
			isa = XCBuildConfiguration;
			buildSettings = {
				ALWAYS_SEARCH_USER_PATHS = NO;
				CLANG_ANALYZER_NONNULL = YES;
				CLANG_ANALYZER_NUMBER_OBJECT_CONVERSION = YES_AGGRESSIVE;
				CLANG_CXX_LANGUAGE_STANDARD = "gnu++14";
				CLANG_CXX_LIBRARY = "libc++";
				CLANG_ENABLE_MODULES = YES;
				CLANG_ENABLE_OBJC_ARC = YES;
				CLANG_ENABLE_OBJC_WEAK = YES;
				CLANG_WARN_BLOCK_CAPTURE_AUTORELEASING = YES;
				CLANG_WARN_BOOL_CONVERSION = YES;
				CLANG_WARN_COMMA = YES;
				CLANG_WARN_CONSTANT_CONVERSION = YES;
				CLANG_WARN_DEPRECATED_OBJC_IMPLEMENTATIONS = YES;
				CLANG_WARN_DIRECT_OBJC_ISA_USAGE = YES_ERROR;
				CLANG_WARN_DOCUMENTATION_COMMENTS = YES;
				CLANG_WARN_EMPTY_BODY = YES;
				CLANG_WARN_ENUM_CONVERSION = YES;
				CLANG_WARN_INFINITE_RECURSION = YES;
				CLANG_WARN_INT_CONVERSION = YES;
				CLANG_WARN_NON_LITERAL_NULL_CONVERSION = YES;
				CLANG_WARN_OBJC_IMPLICIT_RETAIN_SELF = YES;
				CLANG_WARN_OBJC_LITERAL_CONVERSION = YES;
				CLANG_WARN_OBJC_ROOT_CLASS = YES_ERROR;
				CLANG_WARN_RANGE_LOOP_ANALYSIS = YES;
				CLANG_WARN_STRICT_PROTOTYPES = YES;
				CLANG_WARN_SUSPICIOUS_MOVE = YES;
				CLANG_WARN_UNGUARDED_AVAILABILITY = YES_AGGRESSIVE;
				CLANG_WARN_UNREACHABLE_CODE = YES;
				CLANG_WARN__DUPLICATE_METHOD_MATCH = YES;
				CODE_SIGN_IDENTITY = "iPhone Developer";
				COPY_PHASE_STRIP = NO;
				DEBUG_INFORMATION_FORMAT = dwarf;
				ENABLE_STRICT_OBJC_MSGSEND = YES;
				ENABLE_TESTABILITY = YES;
				GCC_C_LANGUAGE_STANDARD = gnu11;
				GCC_DYNAMIC_NO_PIC = NO;
				GCC_NO_COMMON_BLOCKS = YES;
				GCC_OPTIMIZATION_LEVEL = 0;
				GCC_PREPROCESSOR_DEFINITIONS = (
					"DEBUG=1",
					"$(inherited)",
				);
				GCC_WARN_64_TO_32_BIT_CONVERSION = YES;
				GCC_WARN_ABOUT_RETURN_TYPE = YES_ERROR;
				GCC_WARN_UNDECLARED_SELECTOR = YES;
				GCC_WARN_UNINITIALIZED_AUTOS = YES_AGGRESSIVE;
				GCC_WARN_UNUSED_FUNCTION = YES;
				GCC_WARN_UNUSED_VARIABLE = YES;
				IPHONEOS_DEPLOYMENT_TARGET = 12.2;
				MTL_ENABLE_DEBUG_INFO = INCLUDE_SOURCE;
				MTL_FAST_MATH = YES;
				ONLY_ACTIVE_ARCH = YES;
				SDKROOT = iphoneos;
				SWIFT_ACTIVE_COMPILATION_CONDITIONS = DEBUG;
				SWIFT_OPTIMIZATION_LEVEL = "-Onone";
			};
			name = Debug;
		};
/* End XCBuildConfiguration section */

/* Begin XCConfigurationList section */
		C051F4B7F1F4DA0D998450B9 /* Build configuration list for PBXNativeTarget "MOAH WalletUITests" */ = {
			isa = XCConfigurationList;
			buildConfigurations = (
				C051F92B394FDA933382E13D /* Debug */,
				C051F9D0C580DA6CCAB2A631 /* Release */,
			);
			defaultConfigurationIsVisible = 0;
			defaultConfigurationName = Release;
		};
		C051F58715B03DA77E28170F /* Build configuration list for PBXNativeTarget "MOAH Wallet" */ = {
			isa = XCConfigurationList;
			buildConfigurations = (
				C051F84E6E7205295EB67DAA /* Debug */,
				C051F781BC68956F65428520 /* Release */,
			);
			defaultConfigurationIsVisible = 0;
			defaultConfigurationName = Release;
		};
		C051F98A3E7BCEE351F05CBE /* Build configuration list for PBXNativeTarget "MOAH WalletTests" */ = {
			isa = XCConfigurationList;
			buildConfigurations = (
				C051F3E0BB6FB83F32D526C0 /* Debug */,
				C051FA3817226924DACA8C57 /* Release */,
			);
			defaultConfigurationIsVisible = 0;
			defaultConfigurationName = Release;
		};
		C051FF304EA9E3D34B19C3EB /* Build configuration list for PBXProject "MOAH Wallet" */ = {
			isa = XCConfigurationList;
			buildConfigurations = (
				C051FE12BAC146ABAB2A9A36 /* Debug */,
				C051F03AEEE3CCB3A45781DA /* Release */,
			);
			defaultConfigurationIsVisible = 0;
			defaultConfigurationName = Release;
		};
/* End XCConfigurationList section */
	};
	rootObject = C051F9DAD87FCA8A61C06861 /* Project object */;
}
